
Microsoft Visual Studio Solution File, Format Version 12.00
# Visual Studio Version 16
VisualStudioVersion = 16.0.30204.135
MinimumVisualStudioVersion = 10.0.40219.1
Project("{FAE04EC0-301F-11D3-BF4B-00C04F79EFBC}") = "AsianTravelAgency", "AsianTravelAgency.csproj", "{FDE03812-25DB-4A3A-AF3C-C32C74EF3970}"
EndProject
Global
	GlobalSection(SolutionConfigurationPlatforms) = preSolution
		Debug|Any CPU = Debug|Any CPU
		Release|Any CPU = Release|Any CPU
	EndGlobalSection
	GlobalSection(ProjectConfigurationPlatforms) = postSolution
		{FDE03812-25DB-4A3A-AF3C-C32C74EF3970}.Debug|Any CPU.ActiveCfg = Debug|Any CPU
		{FDE03812-25DB-4A3A-AF3C-C32C74EF3970}.Debug|Any CPU.Build.0 = Debug|Any CPU
		{FDE03812-25DB-4A3A-AF3C-C32C74EF3970}.Release|Any CPU.ActiveCfg = Release|Any CPU
		{FDE03812-25DB-4A3A-AF3C-C32C74EF3970}.Release|Any CPU.Build.0 = Release|Any CPU
	EndGlobalSection
	GlobalSection(SolutionProperties) = preSolution
		HideSolutionNode = FALSE
	EndGlobalSection
	GlobalSection(ExtensibilityGlobals) = postSolution
		SolutionGuid = {5EC84302-4C11-439B-865D-B91AB9991185}
	EndGlobalSection
EndGlobal
